// !$*UTF8*$!
{
	archiveVersion = 1;
	classes = {
	};
	objectVersion = 51;
	objects = {

/* Begin PBXBuildFile section */
		7B6F682589F6A991FB092B46 /* Pods_PageViewControllerExample.framework in Frameworks */ = {isa = PBXBuildFile; fileRef = 7496EFBAECB890BA107D9C97 /* Pods_PageViewControllerExample.framework */; };
		A3069738254D112A00AC46DA /* TwitterTimelineViewController.swift in Sources */ = {isa = PBXBuildFile; fileRef = A3069737254D112A00AC46DA /* TwitterTimelineViewController.swift */; };
		A306973B254D123100AC46DA /* MOCK_DATA.json in Resources */ = {isa = PBXBuildFile; fileRef = A306973A254D123100AC46DA /* MOCK_DATA.json */; };
		A306973F254D135200AC46DA /* TwitterTimelineTableViewCell.swift in Sources */ = {isa = PBXBuildFile; fileRef = A306973E254D135200AC46DA /* TwitterTimelineTableViewCell.swift */; };
		A39AB772254D1818004EDAB5 /* TwitterStatus.swift in Sources */ = {isa = PBXBuildFile; fileRef = A39AB771254D1818004EDAB5 /* TwitterStatus.swift */; };
		A39EB1EC250F5DD6007AE7CF /* TwitterProfileViewController.swift in Sources */ = {isa = PBXBuildFile; fileRef = A39EB1EB250F5DD6007AE7CF /* TwitterProfileViewController.swift */; };
		A3B5313724D8232500C1A09C /* AppDelegate.swift in Sources */ = {isa = PBXBuildFile; fileRef = A3B5313624D8232500C1A09C /* AppDelegate.swift */; };
		A3B5313924D8232500C1A09C /* SceneDelegate.swift in Sources */ = {isa = PBXBuildFile; fileRef = A3B5313824D8232500C1A09C /* SceneDelegate.swift */; };
		A3B5313B24D8232500C1A09C /* MainViewController.swift in Sources */ = {isa = PBXBuildFile; fileRef = A3B5313A24D8232500C1A09C /* MainViewController.swift */; };
		A3B5313E24D8232500C1A09C /* Main.storyboard in Resources */ = {isa = PBXBuildFile; fileRef = A3B5313C24D8232500C1A09C /* Main.storyboard */; };
		A3B5314024D8232900C1A09C /* Assets.xcassets in Resources */ = {isa = PBXBuildFile; fileRef = A3B5313F24D8232900C1A09C /* Assets.xcassets */; };
		A3B5314324D8232900C1A09C /* LaunchScreen.storyboard in Resources */ = {isa = PBXBuildFile; fileRef = A3B5314124D8232900C1A09C /* LaunchScreen.storyboard */; };
		A3BB5B8E24DD52110061AC46 /* PurePageViewController.swift in Sources */ = {isa = PBXBuildFile; fileRef = A3BB5B8D24DD52110061AC46 /* PurePageViewController.swift */; };
/* End PBXBuildFile section */

/* Begin PBXFileReference section */
		7496EFBAECB890BA107D9C97 /* Pods_PageViewControllerExample.framework */ = {isa = PBXFileReference; explicitFileType = wrapper.framework; includeInIndex = 0; path = Pods_PageViewControllerExample.framework; sourceTree = BUILT_PRODUCTS_DIR; };
		79BF01FDE402D3417F6D550E /* Pods-PageViewControllerExample.debug.xcconfig */ = {isa = PBXFileReference; includeInIndex = 1; lastKnownFileType = text.xcconfig; name = "Pods-PageViewControllerExample.debug.xcconfig"; path = "Target Support Files/Pods-PageViewControllerExample/Pods-PageViewControllerExample.debug.xcconfig"; sourceTree = "<group>"; };
		A3069737254D112A00AC46DA /* TwitterTimelineViewController.swift */ = {isa = PBXFileReference; lastKnownFileType = sourcecode.swift; path = TwitterTimelineViewController.swift; sourceTree = "<group>"; };
		A306973A254D123100AC46DA /* MOCK_DATA.json */ = {isa = PBXFileReference; fileEncoding = 4; lastKnownFileType = text.json; path = MOCK_DATA.json; sourceTree = "<group>"; };
		A306973E254D135200AC46DA /* TwitterTimelineTableViewCell.swift */ = {isa = PBXFileReference; lastKnownFileType = sourcecode.swift; path = TwitterTimelineTableViewCell.swift; sourceTree = "<group>"; };
		A39AB771254D1818004EDAB5 /* TwitterStatus.swift */ = {isa = PBXFileReference; lastKnownFileType = sourcecode.swift; path = TwitterStatus.swift; sourceTree = "<group>"; };
		A39EB1EB250F5DD6007AE7CF /* TwitterProfileViewController.swift */ = {isa = PBXFileReference; lastKnownFileType = sourcecode.swift; path = TwitterProfileViewController.swift; sourceTree = "<group>"; };
		A3B5313324D8232500C1A09C /* PageViewControllerExample.app */ = {isa = PBXFileReference; explicitFileType = wrapper.application; includeInIndex = 0; path = PageViewControllerExample.app; sourceTree = BUILT_PRODUCTS_DIR; };
		A3B5313624D8232500C1A09C /* AppDelegate.swift */ = {isa = PBXFileReference; lastKnownFileType = sourcecode.swift; path = AppDelegate.swift; sourceTree = "<group>"; };
		A3B5313824D8232500C1A09C /* SceneDelegate.swift */ = {isa = PBXFileReference; lastKnownFileType = sourcecode.swift; path = SceneDelegate.swift; sourceTree = "<group>"; };
		A3B5313A24D8232500C1A09C /* MainViewController.swift */ = {isa = PBXFileReference; lastKnownFileType = sourcecode.swift; path = MainViewController.swift; sourceTree = "<group>"; };
		A3B5313D24D8232500C1A09C /* Base */ = {isa = PBXFileReference; lastKnownFileType = file.storyboard; name = Base; path = Base.lproj/Main.storyboard; sourceTree = "<group>"; };
		A3B5313F24D8232900C1A09C /* Assets.xcassets */ = {isa = PBXFileReference; lastKnownFileType = folder.assetcatalog; path = Assets.xcassets; sourceTree = "<group>"; };
		A3B5314224D8232900C1A09C /* Base */ = {isa = PBXFileReference; lastKnownFileType = file.storyboard; name = Base; path = Base.lproj/LaunchScreen.storyboard; sourceTree = "<group>"; };
		A3B5314424D8232900C1A09C /* Info.plist */ = {isa = PBXFileReference; lastKnownFileType = text.plist.xml; path = Info.plist; sourceTree = "<group>"; };
		A3BB5B8D24DD52110061AC46 /* PurePageViewController.swift */ = {isa = PBXFileReference; lastKnownFileType = sourcecode.swift; path = PurePageViewController.swift; sourceTree = "<group>"; };
		C9202EB38E535C7D63B0B0B9 /* Pods-PageViewControllerExample.release.xcconfig */ = {isa = PBXFileReference; includeInIndex = 1; lastKnownFileType = text.xcconfig; name = "Pods-PageViewControllerExample.release.xcconfig"; path = "Target Support Files/Pods-PageViewControllerExample/Pods-PageViewControllerExample.release.xcconfig"; sourceTree = "<group>"; };
/* End PBXFileReference section */

/* Begin PBXFrameworksBuildPhase section */
		A3B5313024D8232500C1A09C /* Frameworks */ = {
			isa = PBXFrameworksBuildPhase;
			buildActionMask = 2147483647;
			files = (
				7B6F682589F6A991FB092B46 /* Pods_PageViewControllerExample.framework in Frameworks */,
			);
			runOnlyForDeploymentPostprocessing = 0;
		};
/* End PBXFrameworksBuildPhase section */

/* Begin PBXGroup section */
		71E903E43A5A8CCBA3CBA556 /* Frameworks */ = {
			isa = PBXGroup;
			children = (
				7496EFBAECB890BA107D9C97 /* Pods_PageViewControllerExample.framework */,
			);
			name = Frameworks;
			sourceTree = "<group>";
		};
		A306973D254D134700AC46DA /* Twitter */ = {
			isa = PBXGroup;
			children = (
				A39EB1EB250F5DD6007AE7CF /* TwitterProfileViewController.swift */,
				A3069737254D112A00AC46DA /* TwitterTimelineViewController.swift */,
				A306973E254D135200AC46DA /* TwitterTimelineTableViewCell.swift */,
				A39AB771254D1818004EDAB5 /* TwitterStatus.swift */,
			);
			path = Twitter;
			sourceTree = "<group>";
		};
		A3B5312A24D8232500C1A09C = {
			isa = PBXGroup;
			children = (
				A3B5313524D8232500C1A09C /* PageViewControllerExample */,
				A3B5313424D8232500C1A09C /* Products */,
				D4244E91512418D9247B2682 /* Pods */,
				71E903E43A5A8CCBA3CBA556 /* Frameworks */,
			);
			sourceTree = "<group>";
		};
		A3B5313424D8232500C1A09C /* Products */ = {
			isa = PBXGroup;
			children = (
				A3B5313324D8232500C1A09C /* PageViewControllerExample.app */,
			);
			name = Products;
			sourceTree = "<group>";
		};
		A3B5313524D8232500C1A09C /* PageViewControllerExample */ = {
			isa = PBXGroup;
			children = (
				A3BB5B8C24DD51FF0061AC46 /* Samples */,
				A3B5313624D8232500C1A09C /* AppDelegate.swift */,
				A3B5313824D8232500C1A09C /* SceneDelegate.swift */,
				A3B5313A24D8232500C1A09C /* MainViewController.swift */,
				A3B5313C24D8232500C1A09C /* Main.storyboard */,
				A3B5313F24D8232900C1A09C /* Assets.xcassets */,
				A3B5314124D8232900C1A09C /* LaunchScreen.storyboard */,
				A3B5314424D8232900C1A09C /* Info.plist */,
				A306973A254D123100AC46DA /* MOCK_DATA.json */,
			);
			path = PageViewControllerExample;
			sourceTree = "<group>";
		};
		A3BB5B8C24DD51FF0061AC46 /* Samples */ = {
			isa = PBXGroup;
			children = (
				A306973D254D134700AC46DA /* Twitter */,
				A3BB5B8D24DD52110061AC46 /* PurePageViewController.swift */,
			);
			path = Samples;
			sourceTree = "<group>";
		};
		D4244E91512418D9247B2682 /* Pods */ = {
			isa = PBXGroup;
			children = (
				79BF01FDE402D3417F6D550E /* Pods-PageViewControllerExample.debug.xcconfig */,
				C9202EB38E535C7D63B0B0B9 /* Pods-PageViewControllerExample.release.xcconfig */,
			);
			path = Pods;
			sourceTree = "<group>";
		};
/* End PBXGroup section */

/* Begin PBXNativeTarget section */
		A3B5313224D8232500C1A09C /* PageViewControllerExample */ = {
			isa = PBXNativeTarget;
			buildConfigurationList = A3B5314724D8232900C1A09C /* Build configuration list for PBXNativeTarget "PageViewControllerExample" */;
			buildPhases = (
				9689B76483334CFA2FE957CA /* [CP] Check Pods Manifest.lock */,
				A3B5312F24D8232500C1A09C /* Sources */,
				A3B5313024D8232500C1A09C /* Frameworks */,
				A3B5313124D8232500C1A09C /* Resources */,
				0935A7964D13BEFFBEA8EE58 /* [CP] Embed Pods Frameworks */,
				A3B5314A24D82C8000C1A09C /* Clean Pods */,
			);
			buildRules = (
			);
			dependencies = (
			);
			name = PageViewControllerExample;
			productName = PageViewControllerExample;
			productReference = A3B5313324D8232500C1A09C /* PageViewControllerExample.app */;
			productType = "com.apple.product-type.application";
		};
/* End PBXNativeTarget section */

/* Begin PBXProject section */
		A3B5312B24D8232500C1A09C /* Project object */ = {
			isa = PBXProject;
			attributes = {
				LastSwiftUpdateCheck = 1160;
				LastUpgradeCheck = 1160;
				ORGANIZATIONNAME = alexiscn;
				TargetAttributes = {
					A3B5313224D8232500C1A09C = {
						CreatedOnToolsVersion = 11.6;
					};
				};
			};
			buildConfigurationList = A3B5312E24D8232500C1A09C /* Build configuration list for PBXProject "PageViewControllerExample" */;
			compatibilityVersion = "Xcode 9.3";
			developmentRegion = en;
			hasScannedForEncodings = 0;
			knownRegions = (
				en,
				Base,
			);
			mainGroup = A3B5312A24D8232500C1A09C;
			productRefGroup = A3B5313424D8232500C1A09C /* Products */;
			projectDirPath = "";
			projectRoot = "";
			targets = (
				A3B5313224D8232500C1A09C /* PageViewControllerExample */,
			);
		};
/* End PBXProject section */

/* Begin PBXResourcesBuildPhase section */
		A3B5313124D8232500C1A09C /* Resources */ = {
			isa = PBXResourcesBuildPhase;
			buildActionMask = 2147483647;
			files = (
				A3B5314324D8232900C1A09C /* LaunchScreen.storyboard in Resources */,
				A306973B254D123100AC46DA /* MOCK_DATA.json in Resources */,
				A3B5314024D8232900C1A09C /* Assets.xcassets in Resources */,
				A3B5313E24D8232500C1A09C /* Main.storyboard in Resources */,
			);
			runOnlyForDeploymentPostprocessing = 0;
		};
/* End PBXResourcesBuildPhase section */

/* Begin PBXShellScriptBuildPhase section */
		0935A7964D13BEFFBEA8EE58 /* [CP] Embed Pods Frameworks */ = {
			isa = PBXShellScriptBuildPhase;
			buildActionMask = 2147483647;
			files = (
			);
			inputFileListPaths = (
				"${PODS_ROOT}/Target Support Files/Pods-PageViewControllerExample/Pods-PageViewControllerExample-frameworks-${CONFIGURATION}-input-files.xcfilelist",
			);
			name = "[CP] Embed Pods Frameworks";
			outputFileListPaths = (
				"${PODS_ROOT}/Target Support Files/Pods-PageViewControllerExample/Pods-PageViewControllerExample-frameworks-${CONFIGURATION}-output-files.xcfilelist",
			);
			runOnlyForDeploymentPostprocessing = 0;
			shellPath = /bin/sh;
			shellScript = "\"${PODS_ROOT}/Target Support Files/Pods-PageViewControllerExample/Pods-PageViewControllerExample-frameworks.sh\"\n";
			showEnvVarsInLog = 0;
		};
		9689B76483334CFA2FE957CA /* [CP] Check Pods Manifest.lock */ = {
			isa = PBXShellScriptBuildPhase;
			buildActionMask = 2147483647;
			files = (
			);
			inputFileListPaths = (
			);
			inputPaths = (
				"${PODS_PODFILE_DIR_PATH}/Podfile.lock",
				"${PODS_ROOT}/Manifest.lock",
			);
			name = "[CP] Check Pods Manifest.lock";
			outputFileListPaths = (
			);
			outputPaths = (
				"$(DERIVED_FILE_DIR)/Pods-PageViewControllerExample-checkManifestLockResult.txt",
			);
			runOnlyForDeploymentPostprocessing = 0;
			shellPath = /bin/sh;
			shellScript = "diff \"${PODS_PODFILE_DIR_PATH}/Podfile.lock\" \"${PODS_ROOT}/Manifest.lock\" > /dev/null\nif [ $? != 0 ] ; then\n    # print error to STDERR\n    echo \"error: The sandbox is not in sync with the Podfile.lock. Run 'pod install' or update your CocoaPods installation.\" >&2\n    exit 1\nfi\n# This output is used by Xcode 'outputs' to avoid re-running this script phase.\necho \"SUCCESS\" > \"${SCRIPT_OUTPUT_FILE_0}\"\n";
			showEnvVarsInLog = 0;
		};
		A3B5314A24D82C8000C1A09C /* Clean Pods */ = {
			isa = PBXShellScriptBuildPhase;
			buildActionMask = 2147483647;
			files = (
			);
			inputFileListPaths = (
			);
			inputPaths = (
			);
			name = "Clean Pods";
			outputFileListPaths = (
			);
			outputPaths = (
			);
			runOnlyForDeploymentPostprocessing = 0;
			shellPath = /bin/sh;
			shellScript = "# Type a script or drag a script file from your workspace to insert its path.\nfind \"${SRCROOT}/Pods\" -type f -name *frameworks.sh -exec bash -c \"touch \\\"{}\\\"\" \\;\n";
		};
/* End PBXShellScriptBuildPhase section */

/* Begin PBXSourcesBuildPhase section */
		A3B5312F24D8232500C1A09C /* Sources */ = {
			isa = PBXSourcesBuildPhase;
			buildActionMask = 2147483647;
			files = (
				A306973F254D135200AC46DA /* TwitterTimelineTableViewCell.swift in Sources */,
				A3B5313B24D8232500C1A09C /* MainViewController.swift in Sources */,
				A3B5313724D8232500C1A09C /* AppDelegate.swift in Sources */,
				A39EB1EC250F5DD6007AE7CF /* TwitterProfileViewController.swift in Sources */,
				A3069738254D112A00AC46DA /* TwitterTimelineViewController.swift in Sources */,
				A39AB772254D1818004EDAB5 /* TwitterStatus.swift in Sources */,
				A3B5313924D8232500C1A09C /* SceneDelegate.swift in Sources */,
				A3BB5B8E24DD52110061AC46 /* PurePageViewController.swift in Sources */,
			);
			runOnlyForDeploymentPostprocessing = 0;
		};
/* End PBXSourcesBuildPhase section */

/* Begin PBXVariantGroup section */
		A3B5313C24D8232500C1A09C /* Main.storyboard */ = {
			isa = PBXVariantGroup;
			children = (
				A3B5313D24D8232500C1A09C /* Base */,
			);
			name = Main.storyboard;
			sourceTree = "<group>";
		};
		A3B5314124D8232900C1A09C /* LaunchScreen.storyboard */ = {
			isa = PBXVariantGroup;
			children = (
				A3B5314224D8232900C1A09C /* Base */,
			);
			name = LaunchScreen.storyboard;
			sourceTree = "<group>";
		};
/* End PBXVariantGroup section */

/* Begin XCBuildConfiguration section */
		A3B5314524D8232900C1A09C /* Debug */ = {
			isa = XCBuildConfiguration;
			buildSettings = {
				ALWAYS_SEARCH_USER_PATHS = NO;
				CLANG_ANALYZER_NONNULL = YES;
				CLANG_ANALYZER_NUMBER_OBJECT_CONVERSION = YES_AGGRESSIVE;
				CLANG_CXX_LANGUAGE_STANDARD = "gnu++14";
				CLANG_CXX_LIBRARY = "libc++";
				CLANG_ENABLE_MODULES = YES;
				CLANG_ENABLE_OBJC_ARC = YES;
				CLANG_ENABLE_OBJC_WEAK = YES;
				CLANG_WARN_BLOCK_CAPTURE_AUTORELEASING = YES;
				CLANG_WARN_BOOL_CONVERSION = YES;
				CLANG_WARN_COMMA = YES;
				CLANG_WARN_CONSTANT_CONVERSION = YES;
				CLANG_WARN_DEPRECATED_OBJC_IMPLEMENTATIONS = YES;
				CLANG_WARN_DIRECT_OBJC_ISA_USAGE = YES_ERROR;
				CLANG_WARN_DOCUMENTATION_COMMENTS = YES;
				CLANG_WARN_EMPTY_BODY = YES;
				CLANG_WARN_ENUM_CONVERSION = YES;
				CLANG_WARN_INFINITE_RECURSION = YES;
				CLANG_WARN_INT_CONVERSION = YES;
				CLANG_WARN_NON_LITERAL_NULL_CONVERSION = YES;
				CLANG_WARN_OBJC_IMPLICIT_RETAIN_SELF = YES;
				CLANG_WARN_OBJC_LITERAL_CONVERSION = YES;
				CLANG_WARN_OBJC_ROOT_CLASS = YES_ERROR;
				CLANG_WARN_RANGE_LOOP_ANALYSIS = YES;
				CLANG_WARN_STRICT_PROTOTYPES = YES;
				CLANG_WARN_SUSPICIOUS_MOVE = YES;
				CLANG_WARN_UNGUARDED_AVAILABILITY = YES_AGGRESSIVE;
				CLANG_WARN_UNREACHABLE_CODE = YES;
				CLANG_WARN__DUPLICATE_METHOD_MATCH = YES;
				COPY_PHASE_STRIP = NO;
				DEBUG_INFORMATION_FORMAT = dwarf;
				ENABLE_STRICT_OBJC_MSGSEND = YES;
				ENABLE_TESTABILITY = YES;
				GCC_C_LANGUAGE_STANDARD = gnu11;
				GCC_DYNAMIC_NO_PIC = NO;
				GCC_NO_COMMON_BLOCKS = YES;
				GCC_OPTIMIZATION_LEVEL = 0;
				GCC_PREPROCESSOR_DEFINITIONS = (
					"DEBUG=1",
					"$(inherited)",
				);
				GCC_WARN_64_TO_32_BIT_CONVERSION = YES;
				GCC_WARN_ABOUT_RETURN_TYPE = YES_ERROR;
				GCC_WARN_UNDECLARED_SELECTOR = YES;
				GCC_WARN_UNINITIALIZED_AUTOS = YES_AGGRESSIVE;
				GCC_WARN_UNUSED_FUNCTION = YES;
				GCC_WARN_UNUSED_VARIABLE = YES;
				IPHONEOS_DEPLOYMENT_TARGET = 13.6;
				MTL_ENABLE_DEBUG_INFO = INCLUDE_SOURCE;
				MTL_FAST_MATH = YES;
				ONLY_ACTIVE_ARCH = YES;
				SDKROOT = iphoneos;
				SWIFT_ACTIVE_COMPILATION_CONDITIONS = DEBUG;
				SWIFT_OPTIMIZATION_LEVEL = "-Onone";
			};
			name = Debug;
		};
		A3B5314624D8232900C1A09C /* Release */ = {
			isa = XCBuildConfiguration;
			buildSettings = {
				ALWAYS_SEARCH_USER_PATHS = NO;
				CLANG_ANALYZER_NONNULL = YES;
				CLANG_ANALYZER_NUMBER_OBJECT_CONVERSION = YES_AGGRESSIVE;
				CLANG_CXX_LANGUAGE_STANDARD = "gnu++14";
				CLANG_CXX_LIBRARY = "libc++";
				CLANG_ENABLE_MODULES = YES;
				CLANG_ENABLE_OBJC_ARC = YES;
				CLANG_ENABLE_OBJC_WEAK = YES;
				CLANG_WARN_BLOCK_CAPTURE_AUTORELEASING = YES;
				CLANG_WARN_BOOL_CONVERSION = YES;
				CLANG_WARN_COMMA = YES;
				CLANG_WARN_CONSTANT_CONVERSION = YES;
				CLANG_WARN_DEPRECATED_OBJC_IMPLEMENTATIONS = YES;
				CLANG_WARN_DIRECT_OBJC_ISA_USAGE = YES_ERROR;
				CLANG_WARN_DOCUMENTATION_COMMENTS = YES;
				CLANG_WARN_EMPTY_BODY = YES;
				CLANG_WARN_ENUM_CONVERSION = YES;
				CLANG_WARN_INFINITE_RECURSION = YES;
				CLANG_WARN_INT_CONVERSION = YES;
				CLANG_WARN_NON_LITERAL_NULL_CONVERSION = YES;
				CLANG_WARN_OBJC_IMPLICIT_RETAIN_SELF = YES;
				CLANG_WARN_OBJC_LITERAL_CONVERSION = YES;
				CLANG_WARN_OBJC_ROOT_CLASS = YES_ERROR;
				CLANG_WARN_RANGE_LOOP_ANALYSIS = YES;
				CLANG_WARN_STRICT_PROTOTYPES = YES;
				CLANG_WARN_SUSPICIOUS_MOVE = YES;
				CLANG_WARN_UNGUARDED_AVAILABILITY = YES_AGGRESSIVE;
				CLANG_WARN_UNREACHABLE_CODE = YES;
				CLANG_WARN__DUPLICATE_METHOD_MATCH = YES;
				COPY_PHASE_STRIP = NO;
				DEBUG_INFORMATION_FORMAT = "dwarf-with-dsym";
				ENABLE_NS_ASSERTIONS = NO;
				ENABLE_STRICT_OBJC_MSGSEND = YES;
				GCC_C_LANGUAGE_STANDARD = gnu11;
				GCC_NO_COMMON_BLOCKS = YES;
				GCC_WARN_64_TO_32_BIT_CONVERSION = YES;
				GCC_WARN_ABOUT_RETURN_TYPE = YES_ERROR;
				GCC_WARN_UNDECLARED_SELECTOR = YES;
				GCC_WARN_UNINITIALIZED_AUTOS = YES_AGGRESSIVE;
				GCC_WARN_UNUSED_FUNCTION = YES;
				GCC_WARN_UNUSED_VARIABLE = YES;
				IPHONEOS_DEPLOYMENT_TARGET = 13.6;
				MTL_ENABLE_DEBUG_INFO = NO;
				MTL_FAST_MATH = YES;
				SDKROOT = iphoneos;
				SWIFT_COMPILATION_MODE = wholemodule;
				SWIFT_OPTIMIZATION_LEVEL = "-O";
				VALIDATE_PRODUCT = YES;
			};
			name = Release;
		};
		A3B5314824D8232900C1A09C /* Debug */ = {
			isa = XCBuildConfiguration;
			baseConfigurationReference = 79BF01FDE402D3417F6D550E /* Pods-PageViewControllerExample.debug.xcconfig */;
			buildSettings = {
				ASSETCATALOG_COMPILER_APPICON_NAME = AppIcon;
				CODE_SIGN_STYLE = Automatic;
				DEVELOPMENT_TEAM = LX863G777H;
				INFOPLIST_FILE = PageViewControllerExample/Info.plist;
				IPHONEOS_DEPLOYMENT_TARGET = 13.0;
				LD_RUNPATH_SEARCH_PATHS = (
					"$(inherited)",
					"@executable_path/Frameworks",
				);
				PRODUCT_BUNDLE_IDENTIFIER = me.shuifeng.PageViewControllerExample;
				PRODUCT_NAME = "$(TARGET_NAME)";
				SWIFT_VERSION = 5.0;
				TARGETED_DEVICE_FAMILY = "1,2";
			};
			name = Debug;
		};
		A3B5314924D8232900C1A09C /* Release */ = {
			isa = XCBuildConfiguration;
			baseConfigurationReference = C9202EB38E535C7D63B0B0B9 /* Pods-PageViewControllerExample.release.xcconfig */;
			buildSettings = {
				ASSETCATALOG_COMPILER_APPICON_NAME = AppIcon;
				CODE_SIGN_STYLE = Automatic;
				DEVELOPMENT_TEAM = LX863G777H;
				INFOPLIST_FILE = PageViewControllerExample/Info.plist;
				IPHONEOS_DEPLOYMENT_TARGET = 13.0;
				LD_RUNPATH_SEARCH_PATHS = (
					"$(inherited)",
					"@executable_path/Frameworks",
				);
				PRODUCT_BUNDLE_IDENTIFIER = me.shuifeng.PageViewControllerExample;
				PRODUCT_NAME = "$(TARGET_NAME)";
				SWIFT_VERSION = 5.0;
				TARGETED_DEVICE_FAMILY = "1,2";
			};
			name = Release;
		};
/* End XCBuildConfiguration section */

/* Begin XCConfigurationList section */
		A3B5312E24D8232500C1A09C /* Build configuration list for PBXProject "PageViewControllerExample" */ = {
			isa = XCConfigurationList;
			buildConfigurations = (
				A3B5314524D8232900C1A09C /* Debug */,
				A3B5314624D8232900C1A09C /* Release */,
			);
			defaultConfigurationIsVisible = 0;
			defaultConfigurationName = Release;
		};
		A3B5314724D8232900C1A09C /* Build configuration list for PBXNativeTarget "PageViewControllerExample" */ = {
			isa = XCConfigurationList;
			buildConfigurations = (
				A3B5314824D8232900C1A09C /* Debug */,
				A3B5314924D8232900C1A09C /* Release */,
			);
			defaultConfigurationIsVisible = 0;
			defaultConfigurationName = Release;
		};
/* End XCConfigurationList section */
	};
	rootObject = A3B5312B24D8232500C1A09C /* Project object */;
}
